
Microsoft Visual Studio Solution File, Format Version 12.00
# Visual Studio 14
VisualStudioVersion = 14.0.23107.0
MinimumVisualStudioVersion = 10.0.40219.1
Project("{FAE04EC0-301F-11D3-BF4B-00C04F79EFBC}") = "HConfig", "HConfig\HConfig.csproj", "{E83C3BAD-BECB-425D-969A-0066C0522BE3}"
EndProject
Project("{FAE04EC0-301F-11D3-BF4B-00C04F79EFBC}") = "HConfigTests", "HConfigTests\HConfigTests.csproj", "{52228879-6FED-4EF0-B442-EC4BD076DDBD}"
EndProject
Global
	GlobalSection(SolutionConfigurationPlatforms) = preSolution
		Debug|Any CPU = Debug|Any CPU
		Release|Any CPU = Release|Any CPU
	EndGlobalSection
	GlobalSection(ProjectConfigurationPlatforms) = postSolution
		{E83C3BAD-BECB-425D-969A-0066C0522BE3}.Debug|Any CPU.ActiveCfg = Debug|Any CPU
		{E83C3BAD-BECB-425D-969A-0066C0522BE3}.Debug|Any CPU.Build.0 = Debug|Any CPU
		{E83C3BAD-BECB-425D-969A-0066C0522BE3}.Release|Any CPU.ActiveCfg = Release|Any CPU
		{E83C3BAD-BECB-425D-969A-0066C0522BE3}.Release|Any CPU.Build.0 = Release|Any CPU
		{52228879-6FED-4EF0-B442-EC4BD076DDBD}.Debug|Any CPU.ActiveCfg = Debug|Any CPU
		{52228879-6FED-4EF0-B442-EC4BD076DDBD}.Debug|Any CPU.Build.0 = Debug|Any CPU
		{52228879-6FED-4EF0-B442-EC4BD076DDBD}.Release|Any CPU.ActiveCfg = Release|Any CPU
		{52228879-6FED-4EF0-B442-EC4BD076DDBD}.Release|Any CPU.Build.0 = Release|Any CPU
	EndGlobalSection
	GlobalSection(SolutionProperties) = preSolution
		HideSolutionNode = FALSE
	EndGlobalSection
EndGlobal
